{
  "name": "react-history-switch-example",
  "version": "0.0.0",
  "lockfileVersion": 2,
  "requires": true,
  "packages": {
    "": {
      "name": "react-history-switch-example",
      "version": "0.0.0",
      "dependencies": {
        "history": "file:../node_modules/history",
        "react": "file:../node_modules/react",
        "react-dom": "file:../node_modules/react-dom",
        "react-history-switch": "file:..",
        "react-scripts": "file:../node_modules/react-scripts"
      }
    },
    "..": {
      "version": "1.0.4",
      "license": "MIT",
      "dependencies": {
        "@types/uuid": "8.3.4",
        "history": "5.0.1",
        "path-to-regexp": "6.2.0",
        "uuid": "8.3.2"
      },
      "devDependencies": {
        "@types/react": "18.2.0",
        "@types/react-dom": "18.2.0",
        "dts-bundle": "0.7.3",
        "microbundle": "0.13.0",
        "prettier": "2.0.4",
        "react": "18.0.0",
        "react-dom": "18.0.0",
        "react-scripts": "4.0.3",
        "typescript": "3.7.5"
      },
      "engines": {
        "node": ">=10"
      },
      "funding": {
        "type": "individual",
        "url": "http://paypal.me/tripolskypetr"
      },
      "peerDependencies": {
        "react": ">= 16.8.0 <= 18.2.0",
        "react-dom": ">= 16.8.0 <= 18.2.0"
      }
    },
    "../node_modules/history": {
      "version": "5.0.1",
      "license": "MIT",
      "dependencies": {
        "@babel/runtime": "^7.7.6"
      }
    },
    "../node_modules/react": {
      "version": "16.14.0",
      "license": "MIT",
      "dependencies": {
        "loose-envify": "^1.1.0",
        "object-assign": "^4.1.1",
        "prop-types": "^15.6.2"
      },
      "engines": {
        "node": ">=0.10.0"
      }
    },
    "../node_modules/react-dom": {
      "version": "16.14.0",
      "license": "MIT",
      "dependencies": {
        "loose-envify": "^1.1.0",
        "object-assign": "^4.1.1",
        "prop-types": "^15.6.2",
        "scheduler": "^0.19.1"
      },
      "peerDependencies": {
        "react": "^16.14.0"
      }
    },
    "../node_modules/react-scripts": {
      "version": "3.4.4",
      "license": "MIT",
      "dependencies": {
        "@babel/core": "7.9.0",
        "@svgr/webpack": "4.3.3",
        "@typescript-eslint/eslint-plugin": "^2.10.0",
        "@typescript-eslint/parser": "^2.10.0",
        "babel-eslint": "10.1.0",
        "babel-jest": "^24.9.0",
        "babel-loader": "8.1.0",
        "babel-plugin-named-asset-import": "^0.3.6",
        "babel-preset-react-app": "^9.1.2",
        "camelcase": "^5.3.1",
        "case-sensitive-paths-webpack-plugin": "2.3.0",
        "css-loader": "3.4.2",
        "dotenv": "8.2.0",
        "dotenv-expand": "5.1.0",
        "eslint": "^6.6.0",
        "eslint-config-react-app": "^5.2.1",
        "eslint-loader": "3.0.3",
        "eslint-plugin-flowtype": "4.6.0",
        "eslint-plugin-import": "2.20.1",
        "eslint-plugin-jsx-a11y": "6.2.3",
        "eslint-plugin-react": "7.19.0",
        "eslint-plugin-react-hooks": "^1.6.1",
        "file-loader": "4.3.0",
        "fs-extra": "^8.1.0",
        "html-webpack-plugin": "4.0.0-beta.11",
        "identity-obj-proxy": "3.0.0",
        "jest": "24.9.0",
        "jest-environment-jsdom-fourteen": "1.0.1",
        "jest-resolve": "24.9.0",
        "jest-watch-typeahead": "0.4.2",
        "mini-css-extract-plugin": "0.9.0",
        "optimize-css-assets-webpack-plugin": "5.0.3",
        "pnp-webpack-plugin": "1.6.4",
        "postcss-flexbugs-fixes": "4.1.0",
        "postcss-loader": "3.0.0",
        "postcss-normalize": "8.0.1",
        "postcss-preset-env": "6.7.0",
        "postcss-safe-parser": "4.0.1",
        "react-app-polyfill": "^1.0.6",
        "react-dev-utils": "^10.2.1",
        "resolve": "1.15.0",
        "resolve-url-loader": "3.1.2",
        "sass-loader": "8.0.2",
        "semver": "6.3.0",
        "style-loader": "0.23.1",
        "terser-webpack-plugin": "2.3.8",
        "ts-pnp": "1.1.6",
        "url-loader": "2.3.0",
        "webpack": "4.42.0",
        "webpack-dev-server": "3.11.0",
        "webpack-manifest-plugin": "2.2.0",
        "workbox-webpack-plugin": "4.3.1"
      },
      "bin": {
        "react-scripts": "bin/react-scripts.js"
      },
      "engines": {
        "node": ">=8.10"
      },
      "optionalDependencies": {
        "fsevents": "2.1.2"
      },
      "peerDependencies": {
        "typescript": "^3.2.1"
      },
      "peerDependenciesMeta": {
        "typescript": {
          "optional": true
        }
      }
    },
    "node_modules/history": {
      "resolved": "../node_modules/history",
      "link": true
    },
    "node_modules/react": {
      "resolved": "../node_modules/react",
      "link": true
    },
    "node_modules/react-dom": {
      "resolved": "../node_modules/react-dom",
      "link": true
    },
    "node_modules/react-history-switch": {
      "resolved": "..",
      "link": true
    },
    "node_modules/react-scripts": {
      "resolved": "../node_modules/react-scripts",
      "link": true
    }
  },
  "dependencies": {
    "history": {
      "version": "file:../node_modules/history",
      "requires": {
        "@babel/runtime": "^7.7.6"
      }
    },
    "react": {
      "version": "file:../node_modules/react",
      "requires": {
        "loose-envify": "^1.1.0",
        "object-assign": "^4.1.1",
        "prop-types": "^15.6.2"
      }
    },
    "react-dom": {
      "version": "file:../node_modules/react-dom",
      "requires": {
        "loose-envify": "^1.1.0",
        "object-assign": "^4.1.1",
        "prop-types": "^15.6.2",
        "scheduler": "^0.19.1"
      }
    },
    "react-history-switch": {
      "version": "file:..",
      "requires": {
        "@types/react": "18.2.0",
        "@types/react-dom": "18.2.0",
        "@types/uuid": "8.3.4",
        "dts-bundle": "0.7.3",
        "history": "5.0.1",
        "microbundle": "0.13.0",
        "path-to-regexp": "6.2.0",
        "prettier": "2.0.4",
        "react": "18.0.0",
        "react-dom": "18.0.0",
        "react-scripts": "4.0.3",
        "typescript": "3.7.5",
        "uuid": "8.3.2"
      },
      "dependencies": {
        "history": {
          "version": "5.0.1",
          "requires": {
            "@babel/runtime": "^7.7.6"
          }
        },
        "react": {
          "version": "16.14.0",
          "requires": {
            "loose-envify": "^1.1.0",
            "object-assign": "^4.1.1",
            "prop-types": "^15.6.2"
          }
        },
        "react-dom": {
          "version": "16.14.0",
          "requires": {
            "loose-envify": "^1.1.0",
            "object-assign": "^4.1.1",
            "prop-types": "^15.6.2",
            "scheduler": "^0.19.1"
          }
        },
        "react-scripts": {
          "version": "3.4.4",
          "requires": {
            "@babel/core": "7.9.0",
            "@svgr/webpack": "4.3.3",
            "@typescript-eslint/eslint-plugin": "^2.10.0",
            "@typescript-eslint/parser": "^2.10.0",
            "babel-eslint": "10.1.0",
            "babel-jest": "^24.9.0",
            "babel-loader": "8.1.0",
            "babel-plugin-named-asset-import": "^0.3.6",
            "babel-preset-react-app": "^9.1.2",
            "camelcase": "^5.3.1",
            "case-sensitive-paths-webpack-plugin": "2.3.0",
            "css-loader": "3.4.2",
            "dotenv": "8.2.0",
            "dotenv-expand": "5.1.0",
            "eslint": "^6.6.0",
            "eslint-config-react-app": "^5.2.1",
            "eslint-loader": "3.0.3",
            "eslint-plugin-flowtype": "4.6.0",
            "eslint-plugin-import": "2.20.1",
            "eslint-plugin-jsx-a11y": "6.2.3",
            "eslint-plugin-react": "7.19.0",
            "eslint-plugin-react-hooks": "^1.6.1",
            "file-loader": "4.3.0",
            "fs-extra": "^8.1.0",
            "fsevents": "2.1.2",
            "html-webpack-plugin": "4.0.0-beta.11",
            "identity-obj-proxy": "3.0.0",
            "jest": "24.9.0",
            "jest-environment-jsdom-fourteen": "1.0.1",
            "jest-resolve": "24.9.0",
            "jest-watch-typeahead": "0.4.2",
            "mini-css-extract-plugin": "0.9.0",
            "optimize-css-assets-webpack-plugin": "5.0.3",
            "pnp-webpack-plugin": "1.6.4",
            "postcss-flexbugs-fixes": "4.1.0",
            "postcss-loader": "3.0.0",
            "postcss-normalize": "8.0.1",
            "postcss-preset-env": "6.7.0",
            "postcss-safe-parser": "4.0.1",
            "react-app-polyfill": "^1.0.6",
            "react-dev-utils": "^10.2.1",
            "resolve": "1.15.0",
            "resolve-url-loader": "3.1.2",
            "sass-loader": "8.0.2",
            "semver": "6.3.0",
            "style-loader": "0.23.1",
            "terser-webpack-plugin": "2.3.8",
            "ts-pnp": "1.1.6",
            "url-loader": "2.3.0",
            "webpack": "4.42.0",
            "webpack-dev-server": "3.11.0",
            "webpack-manifest-plugin": "2.2.0",
            "workbox-webpack-plugin": "4.3.1"
          }
        }
      }
    },
    "react-scripts": {
      "version": "file:../node_modules/react-scripts",
      "requires": {
        "@babel/core": "7.9.0",
        "@svgr/webpack": "4.3.3",
        "@typescript-eslint/eslint-plugin": "^2.10.0",
        "@typescript-eslint/parser": "^2.10.0",
        "babel-eslint": "10.1.0",
        "babel-jest": "^24.9.0",
        "babel-loader": "8.1.0",
        "babel-plugin-named-asset-import": "^0.3.6",
        "babel-preset-react-app": "^9.1.2",
        "camelcase": "^5.3.1",
        "case-sensitive-paths-webpack-plugin": "2.3.0",
        "css-loader": "3.4.2",
        "dotenv": "8.2.0",
        "dotenv-expand": "5.1.0",
        "eslint": "^6.6.0",
        "eslint-config-react-app": "^5.2.1",
        "eslint-loader": "3.0.3",
        "eslint-plugin-flowtype": "4.6.0",
        "eslint-plugin-import": "2.20.1",
        "eslint-plugin-jsx-a11y": "6.2.3",
        "eslint-plugin-react": "7.19.0",
        "eslint-plugin-react-hooks": "^1.6.1",
        "file-loader": "4.3.0",
        "fs-extra": "^8.1.0",
        "fsevents": "2.1.2",
        "html-webpack-plugin": "4.0.0-beta.11",
        "identity-obj-proxy": "3.0.0",
        "jest": "24.9.0",
        "jest-environment-jsdom-fourteen": "1.0.1",
        "jest-resolve": "24.9.0",
        "jest-watch-typeahead": "0.4.2",
        "mini-css-extract-plugin": "0.9.0",
        "optimize-css-assets-webpack-plugin": "5.0.3",
        "pnp-webpack-plugin": "1.6.4",
        "postcss-flexbugs-fixes": "4.1.0",
        "postcss-loader": "3.0.0",
        "postcss-normalize": "8.0.1",
        "postcss-preset-env": "6.7.0",
        "postcss-safe-parser": "4.0.1",
        "react-app-polyfill": "^1.0.6",
        "react-dev-utils": "^10.2.1",
        "resolve": "1.15.0",
        "resolve-url-loader": "3.1.2",
        "sass-loader": "8.0.2",
        "semver": "6.3.0",
        "style-loader": "0.23.1",
        "terser-webpack-plugin": "2.3.8",
        "ts-pnp": "1.1.6",
        "url-loader": "2.3.0",
        "webpack": "4.42.0",
        "webpack-dev-server": "3.11.0",
        "webpack-manifest-plugin": "2.2.0",
        "workbox-webpack-plugin": "4.3.1"
      }
    }
  }
}
